
Microsoft Visual Studio Solution File, Format Version 12.00
# Visual Studio Version 17
VisualStudioVersion = 17.7.34221.43
MinimumVisualStudioVersion = 10.0.40219.1
Project("{FAE04EC0-301F-11D3-BF4B-00C04F79EFBC}") = "HotelListing.API", "HotelListing.API\HotelListing.API.csproj", "{6C2A264E-5253-44A1-8BC1-3EB6EAC65758}"
EndProject
Global
	GlobalSection(SolutionConfigurationPlatforms) = preSolution
		Debug|Any CPU = Debug|Any CPU
		Release|Any CPU = Release|Any CPU
	EndGlobalSection
	GlobalSection(ProjectConfigurationPlatforms) = postSolution
		{6C2A264E-5253-44A1-8BC1-3EB6EAC65758}.Debug|Any CPU.ActiveCfg = Debug|Any CPU
		{6C2A264E-5253-44A1-8BC1-3EB6EAC65758}.Debug|Any CPU.Build.0 = Debug|Any CPU
		{6C2A264E-5253-44A1-8BC1-3EB6EAC65758}.Release|Any CPU.ActiveCfg = Release|Any CPU
		{6C2A264E-5253-44A1-8BC1-3EB6EAC65758}.Release|Any CPU.Build.0 = Release|Any CPU
	EndGlobalSection
	GlobalSection(SolutionProperties) = preSolution
		HideSolutionNode = FALSE
	EndGlobalSection
	GlobalSection(ExtensibilityGlobals) = postSolution
		SolutionGuid = {435A344A-FFE5-45C2-8F2B-FAB843D8E957}
	EndGlobalSection
EndGlobal
